
Microsoft Visual Studio Solution File, Format Version 12.00
# Visual Studio Version 16
VisualStudioVersion = 16.0.31424.327
MinimumVisualStudioVersion = 10.0.40219.1
Project("{FAE04EC0-301F-11D3-BF4B-00C04F79EFBC}") = "Task1", "ConsoleApp1\Task1.csproj", "{36BE70B2-EE02-4485-872E-03114B75292A}"
EndProject
Global
	GlobalSection(SolutionConfigurationPlatforms) = preSolution
		Debug|Any CPU = Debug|Any CPU
		Release|Any CPU = Release|Any CPU
	EndGlobalSection
	GlobalSection(ProjectConfigurationPlatforms) = postSolution
		{36BE70B2-EE02-4485-872E-03114B75292A}.Debug|Any CPU.ActiveCfg = Debug|Any CPU
		{36BE70B2-EE02-4485-872E-03114B75292A}.Debug|Any CPU.Build.0 = Debug|Any CPU
		{36BE70B2-EE02-4485-872E-03114B75292A}.Release|Any CPU.ActiveCfg = Release|Any CPU
		{36BE70B2-EE02-4485-872E-03114B75292A}.Release|Any CPU.Build.0 = Release|Any CPU
	EndGlobalSection
	GlobalSection(SolutionProperties) = preSolution
		HideSolutionNode = FALSE
	EndGlobalSection
	GlobalSection(ExtensibilityGlobals) = postSolution
		SolutionGuid = {68D04706-9343-4920-913B-973316813800}
	EndGlobalSection
EndGlobal
