
Microsoft Visual Studio Solution File, Format Version 12.00
# Visual Studio Version 16
VisualStudioVersion = 16.0.31424.327
MinimumVisualStudioVersion = 10.0.40219.1
Project("{9A19103F-16F7-4668-BE54-9A1E7A4F7556}") = "Adjacency_List_Ia", "Adjacency_List_Ia\Adjacency_List_Ia.csproj", "{16F5A6D0-7474-4BE9-B6F3-81FE7EFC96F3}"
EndProject
Project("{9A19103F-16F7-4668-BE54-9A1E7A4F7556}") = "Graph_Class", "Class_Graph\Graph_Class.csproj", "{62F890F2-E005-412A-A827-F8FC6DE3769F}"
EndProject
Project("{9A19103F-16F7-4668-BE54-9A1E7A4F7556}") = "Adjacency_List_Ia_(2)", "Adjacency_List_Ia_(2)\Adjacency_List_Ia_(2).csproj", "{09FF12EA-AD8D-45D3-8A96-D1B55DBDA528}"
EndProject
Project("{9A19103F-16F7-4668-BE54-9A1E7A4F7556}") = "Adjacency_List_1b", "Adjacency_List_1b\Adjacency_List_1b.csproj", "{4F39C0A2-674A-4AF4-9AE4-AB069B46C555}"
EndProject
Project("{9A19103F-16F7-4668-BE54-9A1E7A4F7556}") = "Depth_First_Search II", "Depth_First_Search II\Depth_First_Search II.csproj", "{A501A7EE-9D31-4B2D-830F-BFFCD258AF2F}"
EndProject
Project("{9A19103F-16F7-4668-BE54-9A1E7A4F7556}") = "Breadth_First_Search II", "Breadth_First_Search II\Breadth_First_Search II.csproj", "{A44BDDAE-95D3-4428-B2E6-E7215A602FFB}"
EndProject
Project("{9A19103F-16F7-4668-BE54-9A1E7A4F7556}") = "Carcass_Algorithm_Prima III", "Carcass_Algorithm_Prima III\Carcass_Algorithm_Prima III.csproj", "{134CBE4C-6241-42A8-9472-76A9E7776EA9}"
EndProject
Project("{FAE04EC0-301F-11D3-BF4B-00C04F79EFBC}") = "IV_а", "IV_а\IV_а.csproj", "{82385A76-5BEA-45B4-AB6D-7AA14D64CAAB}"
EndProject
Project("{FAE04EC0-301F-11D3-BF4B-00C04F79EFBC}") = "IV_b", "IV_b\IV_b.csproj", "{BB42B162-6EDA-4DE8-B56A-EDF7E5D7949C}"
EndProject
Global
	GlobalSection(SolutionConfigurationPlatforms) = preSolution
		Debug|Any CPU = Debug|Any CPU
		Release|Any CPU = Release|Any CPU
	EndGlobalSection
	GlobalSection(ProjectConfigurationPlatforms) = postSolution
		{16F5A6D0-7474-4BE9-B6F3-81FE7EFC96F3}.Debug|Any CPU.ActiveCfg = Debug|Any CPU
		{16F5A6D0-7474-4BE9-B6F3-81FE7EFC96F3}.Debug|Any CPU.Build.0 = Debug|Any CPU
		{16F5A6D0-7474-4BE9-B6F3-81FE7EFC96F3}.Release|Any CPU.ActiveCfg = Release|Any CPU
		{16F5A6D0-7474-4BE9-B6F3-81FE7EFC96F3}.Release|Any CPU.Build.0 = Release|Any CPU
		{62F890F2-E005-412A-A827-F8FC6DE3769F}.Debug|Any CPU.ActiveCfg = Debug|Any CPU
		{62F890F2-E005-412A-A827-F8FC6DE3769F}.Debug|Any CPU.Build.0 = Debug|Any CPU
		{62F890F2-E005-412A-A827-F8FC6DE3769F}.Release|Any CPU.ActiveCfg = Release|Any CPU
		{62F890F2-E005-412A-A827-F8FC6DE3769F}.Release|Any CPU.Build.0 = Release|Any CPU
		{09FF12EA-AD8D-45D3-8A96-D1B55DBDA528}.Debug|Any CPU.ActiveCfg = Debug|Any CPU
		{09FF12EA-AD8D-45D3-8A96-D1B55DBDA528}.Debug|Any CPU.Build.0 = Debug|Any CPU
		{09FF12EA-AD8D-45D3-8A96-D1B55DBDA528}.Release|Any CPU.ActiveCfg = Release|Any CPU
		{09FF12EA-AD8D-45D3-8A96-D1B55DBDA528}.Release|Any CPU.Build.0 = Release|Any CPU
		{4F39C0A2-674A-4AF4-9AE4-AB069B46C555}.Debug|Any CPU.ActiveCfg = Debug|Any CPU
		{4F39C0A2-674A-4AF4-9AE4-AB069B46C555}.Debug|Any CPU.Build.0 = Debug|Any CPU
		{4F39C0A2-674A-4AF4-9AE4-AB069B46C555}.Release|Any CPU.ActiveCfg = Release|Any CPU
		{4F39C0A2-674A-4AF4-9AE4-AB069B46C555}.Release|Any CPU.Build.0 = Release|Any CPU
		{A501A7EE-9D31-4B2D-830F-BFFCD258AF2F}.Debug|Any CPU.ActiveCfg = Debug|Any CPU
		{A501A7EE-9D31-4B2D-830F-BFFCD258AF2F}.Debug|Any CPU.Build.0 = Debug|Any CPU
		{A501A7EE-9D31-4B2D-830F-BFFCD258AF2F}.Release|Any CPU.ActiveCfg = Release|Any CPU
		{A501A7EE-9D31-4B2D-830F-BFFCD258AF2F}.Release|Any CPU.Build.0 = Release|Any CPU
		{A44BDDAE-95D3-4428-B2E6-E7215A602FFB}.Debug|Any CPU.ActiveCfg = Debug|Any CPU
		{A44BDDAE-95D3-4428-B2E6-E7215A602FFB}.Debug|Any CPU.Build.0 = Debug|Any CPU
		{A44BDDAE-95D3-4428-B2E6-E7215A602FFB}.Release|Any CPU.ActiveCfg = Release|Any CPU
		{A44BDDAE-95D3-4428-B2E6-E7215A602FFB}.Release|Any CPU.Build.0 = Release|Any CPU
		{134CBE4C-6241-42A8-9472-76A9E7776EA9}.Debug|Any CPU.ActiveCfg = Debug|Any CPU
		{134CBE4C-6241-42A8-9472-76A9E7776EA9}.Debug|Any CPU.Build.0 = Debug|Any CPU
		{134CBE4C-6241-42A8-9472-76A9E7776EA9}.Release|Any CPU.ActiveCfg = Release|Any CPU
		{134CBE4C-6241-42A8-9472-76A9E7776EA9}.Release|Any CPU.Build.0 = Release|Any CPU
		{82385A76-5BEA-45B4-AB6D-7AA14D64CAAB}.Debug|Any CPU.ActiveCfg = Debug|Any CPU
		{82385A76-5BEA-45B4-AB6D-7AA14D64CAAB}.Debug|Any CPU.Build.0 = Debug|Any CPU
		{82385A76-5BEA-45B4-AB6D-7AA14D64CAAB}.Release|Any CPU.ActiveCfg = Release|Any CPU
		{82385A76-5BEA-45B4-AB6D-7AA14D64CAAB}.Release|Any CPU.Build.0 = Release|Any CPU
		{BB42B162-6EDA-4DE8-B56A-EDF7E5D7949C}.Debug|Any CPU.ActiveCfg = Debug|Any CPU
		{BB42B162-6EDA-4DE8-B56A-EDF7E5D7949C}.Debug|Any CPU.Build.0 = Debug|Any CPU
		{BB42B162-6EDA-4DE8-B56A-EDF7E5D7949C}.Release|Any CPU.ActiveCfg = Release|Any CPU
		{BB42B162-6EDA-4DE8-B56A-EDF7E5D7949C}.Release|Any CPU.Build.0 = Release|Any CPU
	EndGlobalSection
	GlobalSection(SolutionProperties) = preSolution
		HideSolutionNode = FALSE
	EndGlobalSection
	GlobalSection(ExtensibilityGlobals) = postSolution
		SolutionGuid = {68D04706-9343-4920-913B-973316813800}
	EndGlobalSection
EndGlobal
