
Microsoft Visual Studio Solution File, Format Version 12.00
# Visual Studio Version 16
VisualStudioVersion = 16.0.31424.327
MinimumVisualStudioVersion = 10.0.40219.1
Project("{9A19103F-16F7-4668-BE54-9A1E7A4F7556}") = "Adjacency_List_Ia", "Adjacency_List_Ia\Adjacency_List_Ia.csproj", "{16F5A6D0-7474-4BE9-B6F3-81FE7EFC96F3}"
EndProject
Project("{9A19103F-16F7-4668-BE54-9A1E7A4F7556}") = "Graph_Class", "Class_Graph\Graph_Class.csproj", "{62F890F2-E005-412A-A827-F8FC6DE3769F}"
EndProject
Project("{FAE04EC0-301F-11D3-BF4B-00C04F79EFBC}") = "Adjacency_List_Ia_(2)", "Adjacency_List_Ia_(2)\Adjacency_List_Ia_(2).csproj", "{09FF12EA-AD8D-45D3-8A96-D1B55DBDA528}"
EndProject
Project("{FAE04EC0-301F-11D3-BF4B-00C04F79EFBC}") = "Adjacency_List_1b", "Adjacency_List_1b\Adjacency_List_1b.csproj", "{4F39C0A2-674A-4AF4-9AE4-AB069B46C555}"
EndProject
Global
	GlobalSection(SolutionConfigurationPlatforms) = preSolution
		Debug|Any CPU = Debug|Any CPU
		Release|Any CPU = Release|Any CPU
	EndGlobalSection
	GlobalSection(ProjectConfigurationPlatforms) = postSolution
		{16F5A6D0-7474-4BE9-B6F3-81FE7EFC96F3}.Debug|Any CPU.ActiveCfg = Debug|Any CPU
		{16F5A6D0-7474-4BE9-B6F3-81FE7EFC96F3}.Debug|Any CPU.Build.0 = Debug|Any CPU
		{16F5A6D0-7474-4BE9-B6F3-81FE7EFC96F3}.Release|Any CPU.ActiveCfg = Release|Any CPU
		{16F5A6D0-7474-4BE9-B6F3-81FE7EFC96F3}.Release|Any CPU.Build.0 = Release|Any CPU
		{62F890F2-E005-412A-A827-F8FC6DE3769F}.Debug|Any CPU.ActiveCfg = Debug|Any CPU
		{62F890F2-E005-412A-A827-F8FC6DE3769F}.Debug|Any CPU.Build.0 = Debug|Any CPU
		{62F890F2-E005-412A-A827-F8FC6DE3769F}.Release|Any CPU.ActiveCfg = Release|Any CPU
		{62F890F2-E005-412A-A827-F8FC6DE3769F}.Release|Any CPU.Build.0 = Release|Any CPU
		{09FF12EA-AD8D-45D3-8A96-D1B55DBDA528}.Debug|Any CPU.ActiveCfg = Debug|Any CPU
		{09FF12EA-AD8D-45D3-8A96-D1B55DBDA528}.Debug|Any CPU.Build.0 = Debug|Any CPU
		{09FF12EA-AD8D-45D3-8A96-D1B55DBDA528}.Release|Any CPU.ActiveCfg = Release|Any CPU
		{09FF12EA-AD8D-45D3-8A96-D1B55DBDA528}.Release|Any CPU.Build.0 = Release|Any CPU
		{4F39C0A2-674A-4AF4-9AE4-AB069B46C555}.Debug|Any CPU.ActiveCfg = Debug|Any CPU
		{4F39C0A2-674A-4AF4-9AE4-AB069B46C555}.Debug|Any CPU.Build.0 = Debug|Any CPU
		{4F39C0A2-674A-4AF4-9AE4-AB069B46C555}.Release|Any CPU.ActiveCfg = Release|Any CPU
		{4F39C0A2-674A-4AF4-9AE4-AB069B46C555}.Release|Any CPU.Build.0 = Release|Any CPU
	EndGlobalSection
	GlobalSection(SolutionProperties) = preSolution
		HideSolutionNode = FALSE
	EndGlobalSection
	GlobalSection(ExtensibilityGlobals) = postSolution
		SolutionGuid = {68D04706-9343-4920-913B-973316813800}
	EndGlobalSection
EndGlobal
